
Microsoft Visual Studio Solution File, Format Version 12.00
# Visual Studio Version 16
VisualStudioVersion = 16.0.29503.13
MinimumVisualStudioVersion = 10.0.40219.1
Project("{FAE04EC0-301F-11D3-BF4B-00C04F79EFBC}") = "PlantRTests", "PlantRTests\PlantRTests.csproj", "{BC846527-E03C-4DFF-9EA7-19B6D0AAD17E}"
	ProjectSection(ProjectDependencies) = postProject
		{269A5872-2A75-4E35-86D1-55DD12C75FB5} = {269A5872-2A75-4E35-86D1-55DD12C75FB5}
	EndProjectSection
EndProject
Project("{FAE04EC0-301F-11D3-BF4B-00C04F79EFBC}") = "PlantRServ", "PlantRServ\PlantRServ.csproj", "{269A5872-2A75-4E35-86D1-55DD12C75FB5}"
EndProject
Project("{FAE04EC0-301F-11D3-BF4B-00C04F79EFBC}") = "PlantRWPF", "PlantRWPF\PlantRWPF.csproj", "{A7D33E87-7BA4-486B-AF7F-CE3205C6FA24}"
	ProjectSection(ProjectDependencies) = postProject
		{269A5872-2A75-4E35-86D1-55DD12C75FB5} = {269A5872-2A75-4E35-86D1-55DD12C75FB5}
	EndProjectSection
EndProject
Project("{FAE04EC0-301F-11D3-BF4B-00C04F79EFBC}") = "PlantRMVC2", "PlantRMVC2\PlantRMVC2.csproj", "{DF74FE5F-A8B5-4D2D-9101-29DED96ED981}"
	ProjectSection(ProjectDependencies) = postProject
		{269A5872-2A75-4E35-86D1-55DD12C75FB5} = {269A5872-2A75-4E35-86D1-55DD12C75FB5}
	EndProjectSection
EndProject
Project("{FAE04EC0-301F-11D3-BF4B-00C04F79EFBC}") = "PlantRMVC2.Tests", "PlantRMVC2.Tests\PlantRMVC2.Tests.csproj", "{77FF35E5-BEB9-450C-AF21-1B1DC6DA25B5}"
EndProject
Global
	GlobalSection(SolutionConfigurationPlatforms) = preSolution
		Debug|Any CPU = Debug|Any CPU
		Release|Any CPU = Release|Any CPU
	EndGlobalSection
	GlobalSection(ProjectConfigurationPlatforms) = postSolution
		{BC846527-E03C-4DFF-9EA7-19B6D0AAD17E}.Debug|Any CPU.ActiveCfg = Debug|Any CPU
		{BC846527-E03C-4DFF-9EA7-19B6D0AAD17E}.Debug|Any CPU.Build.0 = Debug|Any CPU
		{BC846527-E03C-4DFF-9EA7-19B6D0AAD17E}.Release|Any CPU.ActiveCfg = Release|Any CPU
		{BC846527-E03C-4DFF-9EA7-19B6D0AAD17E}.Release|Any CPU.Build.0 = Release|Any CPU
		{269A5872-2A75-4E35-86D1-55DD12C75FB5}.Debug|Any CPU.ActiveCfg = Debug|Any CPU
		{269A5872-2A75-4E35-86D1-55DD12C75FB5}.Debug|Any CPU.Build.0 = Debug|Any CPU
		{269A5872-2A75-4E35-86D1-55DD12C75FB5}.Release|Any CPU.ActiveCfg = Release|Any CPU
		{269A5872-2A75-4E35-86D1-55DD12C75FB5}.Release|Any CPU.Build.0 = Release|Any CPU
		{A7D33E87-7BA4-486B-AF7F-CE3205C6FA24}.Debug|Any CPU.ActiveCfg = Debug|Any CPU
		{A7D33E87-7BA4-486B-AF7F-CE3205C6FA24}.Debug|Any CPU.Build.0 = Debug|Any CPU
		{A7D33E87-7BA4-486B-AF7F-CE3205C6FA24}.Release|Any CPU.ActiveCfg = Release|Any CPU
		{A7D33E87-7BA4-486B-AF7F-CE3205C6FA24}.Release|Any CPU.Build.0 = Release|Any CPU
		{DF74FE5F-A8B5-4D2D-9101-29DED96ED981}.Debug|Any CPU.ActiveCfg = Debug|Any CPU
		{DF74FE5F-A8B5-4D2D-9101-29DED96ED981}.Debug|Any CPU.Build.0 = Debug|Any CPU
		{DF74FE5F-A8B5-4D2D-9101-29DED96ED981}.Release|Any CPU.ActiveCfg = Release|Any CPU
		{DF74FE5F-A8B5-4D2D-9101-29DED96ED981}.Release|Any CPU.Build.0 = Release|Any CPU
		{77FF35E5-BEB9-450C-AF21-1B1DC6DA25B5}.Debug|Any CPU.ActiveCfg = Debug|Any CPU
		{77FF35E5-BEB9-450C-AF21-1B1DC6DA25B5}.Debug|Any CPU.Build.0 = Debug|Any CPU
		{77FF35E5-BEB9-450C-AF21-1B1DC6DA25B5}.Release|Any CPU.ActiveCfg = Release|Any CPU
		{77FF35E5-BEB9-450C-AF21-1B1DC6DA25B5}.Release|Any CPU.Build.0 = Release|Any CPU
	EndGlobalSection
	GlobalSection(SolutionProperties) = preSolution
		HideSolutionNode = FALSE
	EndGlobalSection
	GlobalSection(ExtensibilityGlobals) = postSolution
		SolutionGuid = {D83FA086-5431-4A5A-A134-D7CD60E4C6BF}
	EndGlobalSection
EndGlobal
